
Microsoft Visual Studio Solution File, Format Version 12.00
# Visual Studio Version 17
VisualStudioVersion = 17.7.34031.279
MinimumVisualStudioVersion = 10.0.40219.1
Project("{FAE04EC0-301F-11D3-BF4B-00C04F79EFBC}") = "firstc#", "firstc#.csproj", "{611A7A6C-66A3-4A7F-93BD-04BE4DFECAAB}"
EndProject
Global
	GlobalSection(SolutionConfigurationPlatforms) = preSolution
		Debug|Any CPU = Debug|Any CPU
		Release|Any CPU = Release|Any CPU
	EndGlobalSection
	GlobalSection(ProjectConfigurationPlatforms) = postSolution
		{611A7A6C-66A3-4A7F-93BD-04BE4DFECAAB}.Debug|Any CPU.ActiveCfg = Debug|Any CPU
		{611A7A6C-66A3-4A7F-93BD-04BE4DFECAAB}.Debug|Any CPU.Build.0 = Debug|Any CPU
		{611A7A6C-66A3-4A7F-93BD-04BE4DFECAAB}.Release|Any CPU.ActiveCfg = Release|Any CPU
		{611A7A6C-66A3-4A7F-93BD-04BE4DFECAAB}.Release|Any CPU.Build.0 = Release|Any CPU
	EndGlobalSection
	GlobalSection(SolutionProperties) = preSolution
		HideSolutionNode = FALSE
	EndGlobalSection
	GlobalSection(ExtensibilityGlobals) = postSolution
		SolutionGuid = {09D385E1-4FC9-418D-8D11-8082905370D9}
	EndGlobalSection
EndGlobal
